// !$*UTF8*$!
{
	archiveVersion = 1;
	classes = {
	};
	objectVersion = 50;
	objects = {

/* Begin PBXBuildFile section */
		E0010EA8251E424A00C7035B /* FirstAddController.swift in Sources */ = {isa = PBXBuildFile; fileRef = E0010EA7251E424A00C7035B /* FirstAddController.swift */; };
		E03EC4832514EDFB009B35CB /* FirstAppController.swift in Sources */ = {isa = PBXBuildFile; fileRef = E03EC4822514EDFB009B35CB /* FirstAppController.swift */; };
		E03EC4872514EFE7009B35CB /* SecondAppCell.swift in Sources */ = {isa = PBXBuildFile; fileRef = E03EC4862514EFE7009B35CB /* SecondAppCell.swift */; };
		E05ECC432513E768006F85E7 /* SecondAppController.swift in Sources */ = {isa = PBXBuildFile; fileRef = E05ECC422513E768006F85E7 /* SecondAppController.swift */; };
		E0782103250CD70400AE4B89 /* AppDelegate.swift in Sources */ = {isa = PBXBuildFile; fileRef = E0782102250CD70400AE4B89 /* AppDelegate.swift */; };
		E0782105250CD70400AE4B89 /* SceneDelegate.swift in Sources */ = {isa = PBXBuildFile; fileRef = E0782104250CD70400AE4B89 /* SceneDelegate.swift */; };
		E078210A250CD70400AE4B89 /* Main.storyboard in Resources */ = {isa = PBXBuildFile; fileRef = E0782108250CD70400AE4B89 /* Main.storyboard */; };
		E078210C250CD70700AE4B89 /* Assets.xcassets in Resources */ = {isa = PBXBuildFile; fileRef = E078210B250CD70700AE4B89 /* Assets.xcassets */; };
		E078210F250CD70700AE4B89 /* LaunchScreen.storyboard in Resources */ = {isa = PBXBuildFile; fileRef = E078210D250CD70700AE4B89 /* LaunchScreen.storyboard */; };
		E0782117250CD77C00AE4B89 /* TableViewController.swift in Sources */ = {isa = PBXBuildFile; fileRef = E0782116250CD77C00AE4B89 /* TableViewController.swift */; };
		E0782119250CDDEA00AE4B89 /* TableViewCell.swift in Sources */ = {isa = PBXBuildFile; fileRef = E0782118250CDDEA00AE4B89 /* TableViewCell.swift */; };
		E0DA22FC2518DD4500391FBE /* OpenController.swift in Sources */ = {isa = PBXBuildFile; fileRef = E0DA22FB2518DD4500391FBE /* OpenController.swift */; };
		E0ECB123251CF0DB0054A455 /* FirstAppCell.swift in Sources */ = {isa = PBXBuildFile; fileRef = E0ECB122251CF0DB0054A455 /* FirstAppCell.swift */; };
		E0ECB126251D07980054A455 /* Emoji.swift in Sources */ = {isa = PBXBuildFile; fileRef = E0ECB125251D07980054A455 /* Emoji.swift */; };
/* End PBXBuildFile section */

/* Begin PBXFileReference section */
		E0010EA7251E424A00C7035B /* FirstAddController.swift */ = {isa = PBXFileReference; lastKnownFileType = sourcecode.swift; path = FirstAddController.swift; sourceTree = "<group>"; };
		E03EC4822514EDFB009B35CB /* FirstAppController.swift */ = {isa = PBXFileReference; lastKnownFileType = sourcecode.swift; path = FirstAppController.swift; sourceTree = "<group>"; };
		E03EC4862514EFE7009B35CB /* SecondAppCell.swift */ = {isa = PBXFileReference; lastKnownFileType = sourcecode.swift; path = SecondAppCell.swift; sourceTree = "<group>"; };
		E05ECC422513E768006F85E7 /* SecondAppController.swift */ = {isa = PBXFileReference; lastKnownFileType = sourcecode.swift; path = SecondAppController.swift; sourceTree = "<group>"; };
		E07820FF250CD70400AE4B89 /* Interface Application.app */ = {isa = PBXFileReference; explicitFileType = wrapper.application; includeInIndex = 0; path = "Interface Application.app"; sourceTree = BUILT_PRODUCTS_DIR; };
		E0782102250CD70400AE4B89 /* AppDelegate.swift */ = {isa = PBXFileReference; lastKnownFileType = sourcecode.swift; path = AppDelegate.swift; sourceTree = "<group>"; };
		E0782104250CD70400AE4B89 /* SceneDelegate.swift */ = {isa = PBXFileReference; lastKnownFileType = sourcecode.swift; path = SceneDelegate.swift; sourceTree = "<group>"; };
		E0782109250CD70400AE4B89 /* Base */ = {isa = PBXFileReference; lastKnownFileType = file.storyboard; name = Base; path = Base.lproj/Main.storyboard; sourceTree = "<group>"; };
		E078210B250CD70700AE4B89 /* Assets.xcassets */ = {isa = PBXFileReference; lastKnownFileType = folder.assetcatalog; path = Assets.xcassets; sourceTree = "<group>"; };
		E078210E250CD70700AE4B89 /* Base */ = {isa = PBXFileReference; lastKnownFileType = file.storyboard; name = Base; path = Base.lproj/LaunchScreen.storyboard; sourceTree = "<group>"; };
		E0782110250CD70700AE4B89 /* Info.plist */ = {isa = PBXFileReference; lastKnownFileType = text.plist.xml; path = Info.plist; sourceTree = "<group>"; };
		E0782116250CD77C00AE4B89 /* TableViewController.swift */ = {isa = PBXFileReference; lastKnownFileType = sourcecode.swift; path = TableViewController.swift; sourceTree = "<group>"; };
		E0782118250CDDEA00AE4B89 /* TableViewCell.swift */ = {isa = PBXFileReference; lastKnownFileType = sourcecode.swift; path = TableViewCell.swift; sourceTree = "<group>"; };
		E0DA22FB2518DD4500391FBE /* OpenController.swift */ = {isa = PBXFileReference; lastKnownFileType = sourcecode.swift; path = OpenController.swift; sourceTree = "<group>"; };
		E0ECB122251CF0DB0054A455 /* FirstAppCell.swift */ = {isa = PBXFileReference; lastKnownFileType = sourcecode.swift; path = FirstAppCell.swift; sourceTree = "<group>"; };
		E0ECB125251D07980054A455 /* Emoji.swift */ = {isa = PBXFileReference; lastKnownFileType = sourcecode.swift; path = Emoji.swift; sourceTree = "<group>"; };
/* End PBXFileReference section */

/* Begin PBXFrameworksBuildPhase section */
		E07820FC250CD70400AE4B89 /* Frameworks */ = {
			isa = PBXFrameworksBuildPhase;
			buildActionMask = 2147483647;
			files = (
			);
			runOnlyForDeploymentPostprocessing = 0;
		};
/* End PBXFrameworksBuildPhase section */

/* Begin PBXGroup section */
		E03EC4842514EE27009B35CB /* First */ = {
			isa = PBXGroup;
			children = (
				E0010EA7251E424A00C7035B /* FirstAddController.swift */,
				E03EC4822514EDFB009B35CB /* FirstAppController.swift */,
				E0ECB122251CF0DB0054A455 /* FirstAppCell.swift */,
				E0ECB125251D07980054A455 /* Emoji.swift */,
			);
			path = First;
			sourceTree = "<group>";
		};
		E03EC4852514EE3A009B35CB /* Second */ = {
			isa = PBXGroup;
			children = (
				E05ECC422513E768006F85E7 /* SecondAppController.swift */,
				E03EC4862514EFE7009B35CB /* SecondAppCell.swift */,
				E0DA22FB2518DD4500391FBE /* OpenController.swift */,
			);
			path = Second;
			sourceTree = "<group>";
		};
		E07820F6250CD70400AE4B89 = {
			isa = PBXGroup;
			children = (
				E0782101250CD70400AE4B89 /* Interface Application */,
				E0782100250CD70400AE4B89 /* Products */,
			);
			sourceTree = "<group>";
		};
		E0782100250CD70400AE4B89 /* Products */ = {
			isa = PBXGroup;
			children = (
				E07820FF250CD70400AE4B89 /* Interface Application.app */,
			);
			name = Products;
			sourceTree = "<group>";
		};
		E0782101250CD70400AE4B89 /* Interface Application */ = {
			isa = PBXGroup;
			children = (
				E0782102250CD70400AE4B89 /* AppDelegate.swift */,
				E0782104250CD70400AE4B89 /* SceneDelegate.swift */,
				E0782108250CD70400AE4B89 /* Main.storyboard */,
				E0CBFFDA2513D6DC00E404B5 /* Main */,
				E03EC4842514EE27009B35CB /* First */,
				E03EC4852514EE3A009B35CB /* Second */,
				E078210B250CD70700AE4B89 /* Assets.xcassets */,
				E078210D250CD70700AE4B89 /* LaunchScreen.storyboard */,
				E0782110250CD70700AE4B89 /* Info.plist */,
			);
			path = "Interface Application";
			sourceTree = "<group>";
		};
		E0CBFFDA2513D6DC00E404B5 /* Main */ = {
			isa = PBXGroup;
			children = (
				E0782116250CD77C00AE4B89 /* TableViewController.swift */,
				E0782118250CDDEA00AE4B89 /* TableViewCell.swift */,
			);
			path = Main;
			sourceTree = "<group>";
		};
/* End PBXGroup section */

/* Begin PBXNativeTarget section */
		E07820FE250CD70400AE4B89 /* Interface Application */ = {
			isa = PBXNativeTarget;
			buildConfigurationList = E0782113250CD70700AE4B89 /* Build configuration list for PBXNativeTarget "Interface Application" */;
			buildPhases = (
				E07820FB250CD70400AE4B89 /* Sources */,
				E07820FC250CD70400AE4B89 /* Frameworks */,
				E07820FD250CD70400AE4B89 /* Resources */,
			);
			buildRules = (
			);
			dependencies = (
			);
			name = "Interface Application";
			productName = "Interface Application";
			productReference = E07820FF250CD70400AE4B89 /* Interface Application.app */;
			productType = "com.apple.product-type.application";
		};
/* End PBXNativeTarget section */

/* Begin PBXProject section */
		E07820F7250CD70400AE4B89 /* Project object */ = {
			isa = PBXProject;
			attributes = {
				LastSwiftUpdateCheck = 1170;
				LastUpgradeCheck = 1200;
				ORGANIZATIONNAME = Hutr0;
				TargetAttributes = {
					E07820FE250CD70400AE4B89 = {
						CreatedOnToolsVersion = 11.7;
					};
				};
			};
			buildConfigurationList = E07820FA250CD70400AE4B89 /* Build configuration list for PBXProject "Interface Application" */;
			compatibilityVersion = "Xcode 9.3";
			developmentRegion = en;
			hasScannedForEncodings = 0;
			knownRegions = (
				en,
				Base,
			);
			mainGroup = E07820F6250CD70400AE4B89;
			productRefGroup = E0782100250CD70400AE4B89 /* Products */;
			projectDirPath = "";
			projectRoot = "";
			targets = (
				E07820FE250CD70400AE4B89 /* Interface Application */,
			);
		};
/* End PBXProject section */

/* Begin PBXResourcesBuildPhase section */
		E07820FD250CD70400AE4B89 /* Resources */ = {
			isa = PBXResourcesBuildPhase;
			buildActionMask = 2147483647;
			files = (
				E078210F250CD70700AE4B89 /* LaunchScreen.storyboard in Resources */,
				E078210C250CD70700AE4B89 /* Assets.xcassets in Resources */,
				E078210A250CD70400AE4B89 /* Main.storyboard in Resources */,
			);
			runOnlyForDeploymentPostprocessing = 0;
		};
/* End PBXResourcesBuildPhase section */

/* Begin PBXSourcesBuildPhase section */
		E07820FB250CD70400AE4B89 /* Sources */ = {
			isa = PBXSourcesBuildPhase;
			buildActionMask = 2147483647;
			files = (
				E0ECB126251D07980054A455 /* Emoji.swift in Sources */,
				E03EC4832514EDFB009B35CB /* FirstAppController.swift in Sources */,
				E03EC4872514EFE7009B35CB /* SecondAppCell.swift in Sources */,
				E0ECB123251CF0DB0054A455 /* FirstAppCell.swift in Sources */,
				E0782119250CDDEA00AE4B89 /* TableViewCell.swift in Sources */,
				E0782103250CD70400AE4B89 /* AppDelegate.swift in Sources */,
				E0782117250CD77C00AE4B89 /* TableViewController.swift in Sources */,
				E0DA22FC2518DD4500391FBE /* OpenController.swift in Sources */,
				E0782105250CD70400AE4B89 /* SceneDelegate.swift in Sources */,
				E05ECC432513E768006F85E7 /* SecondAppController.swift in Sources */,
				E0010EA8251E424A00C7035B /* FirstAddController.swift in Sources */,
			);
			runOnlyForDeploymentPostprocessing = 0;
		};
/* End PBXSourcesBuildPhase section */

/* Begin PBXVariantGroup section */
		E0782108250CD70400AE4B89 /* Main.storyboard */ = {
			isa = PBXVariantGroup;
			children = (
				E0782109250CD70400AE4B89 /* Base */,
			);
			name = Main.storyboard;
			sourceTree = "<group>";
		};
		E078210D250CD70700AE4B89 /* LaunchScreen.storyboard */ = {
			isa = PBXVariantGroup;
			children = (
				E078210E250CD70700AE4B89 /* Base */,
			);
			name = LaunchScreen.storyboard;
			sourceTree = "<group>";
		};
/* End PBXVariantGroup section */

/* Begin XCBuildConfiguration section */
		E0782111250CD70700AE4B89 /* Debug */ = {
			isa = XCBuildConfiguration;
			buildSettings = {
				ALWAYS_SEARCH_USER_PATHS = NO;
				CLANG_ANALYZER_NONNULL = YES;
				CLANG_ANALYZER_NUMBER_OBJECT_CONVERSION = YES_AGGRESSIVE;
				CLANG_CXX_LANGUAGE_STANDARD = "gnu++14";
				CLANG_CXX_LIBRARY = "libc++";
				CLANG_ENABLE_MODULES = YES;
				CLANG_ENABLE_OBJC_ARC = YES;
				CLANG_ENABLE_OBJC_WEAK = YES;
				CLANG_WARN_BLOCK_CAPTURE_AUTORELEASING = YES;
				CLANG_WARN_BOOL_CONVERSION = YES;
				CLANG_WARN_COMMA = YES;
				CLANG_WARN_CONSTANT_CONVERSION = YES;
				CLANG_WARN_DEPRECATED_OBJC_IMPLEMENTATIONS = YES;
				CLANG_WARN_DIRECT_OBJC_ISA_USAGE = YES_ERROR;
				CLANG_WARN_DOCUMENTATION_COMMENTS = YES;
				CLANG_WARN_EMPTY_BODY = YES;
				CLANG_WARN_ENUM_CONVERSION = YES;
				CLANG_WARN_INFINITE_RECURSION = YES;
				CLANG_WARN_INT_CONVERSION = YES;
				CLANG_WARN_NON_LITERAL_NULL_CONVERSION = YES;
				CLANG_WARN_OBJC_IMPLICIT_RETAIN_SELF = YES;
				CLANG_WARN_OBJC_LITERAL_CONVERSION = YES;
				CLANG_WARN_OBJC_ROOT_CLASS = YES_ERROR;
				CLANG_WARN_QUOTED_INCLUDE_IN_FRAMEWORK_HEADER = YES;
				CLANG_WARN_RANGE_LOOP_ANALYSIS = YES;
				CLANG_WARN_STRICT_PROTOTYPES = YES;
				CLANG_WARN_SUSPICIOUS_MOVE = YES;
				CLANG_WARN_UNGUARDED_AVAILABILITY = YES_AGGRESSIVE;
				CLANG_WARN_UNREACHABLE_CODE = YES;
				CLANG_WARN__DUPLICATE_METHOD_MATCH = YES;
				COPY_PHASE_STRIP = NO;
				DEBUG_INFORMATION_FORMAT = dwarf;
				ENABLE_STRICT_OBJC_MSGSEND = YES;
				ENABLE_TESTABILITY = YES;
				GCC_C_LANGUAGE_STANDARD = gnu11;
				GCC_DYNAMIC_NO_PIC = NO;
				GCC_NO_COMMON_BLOCKS = YES;
				GCC_OPTIMIZATION_LEVEL = 0;
				GCC_PREPROCESSOR_DEFINITIONS = (
					"DEBUG=1",
					"$(inherited)",
				);
				GCC_WARN_64_TO_32_BIT_CONVERSION = YES;
				GCC_WARN_ABOUT_RETURN_TYPE = YES_ERROR;
				GCC_WARN_UNDECLARED_SELECTOR = YES;
				GCC_WARN_UNINITIALIZED_AUTOS = YES_AGGRESSIVE;
				GCC_WARN_UNUSED_FUNCTION = YES;
				GCC_WARN_UNUSED_VARIABLE = YES;
				IPHONEOS_DEPLOYMENT_TARGET = 13.7;
				MTL_ENABLE_DEBUG_INFO = INCLUDE_SOURCE;
				MTL_FAST_MATH = YES;
				ONLY_ACTIVE_ARCH = YES;
				SDKROOT = iphoneos;
				SWIFT_ACTIVE_COMPILATION_CONDITIONS = DEBUG;
				SWIFT_OPTIMIZATION_LEVEL = "-Onone";
			};
			name = Debug;
		};
		E0782112250CD70700AE4B89 /* Release */ = {
			isa = XCBuildConfiguration;
			buildSettings = {
				ALWAYS_SEARCH_USER_PATHS = NO;
				CLANG_ANALYZER_NONNULL = YES;
				CLANG_ANALYZER_NUMBER_OBJECT_CONVERSION = YES_AGGRESSIVE;
				CLANG_CXX_LANGUAGE_STANDARD = "gnu++14";
				CLANG_CXX_LIBRARY = "libc++";
				CLANG_ENABLE_MODULES = YES;
				CLANG_ENABLE_OBJC_ARC = YES;
				CLANG_ENABLE_OBJC_WEAK = YES;
				CLANG_WARN_BLOCK_CAPTURE_AUTORELEASING = YES;
				CLANG_WARN_BOOL_CONVERSION = YES;
				CLANG_WARN_COMMA = YES;
				CLANG_WARN_CONSTANT_CONVERSION = YES;
				CLANG_WARN_DEPRECATED_OBJC_IMPLEMENTATIONS = YES;
				CLANG_WARN_DIRECT_OBJC_ISA_USAGE = YES_ERROR;
				CLANG_WARN_DOCUMENTATION_COMMENTS = YES;
				CLANG_WARN_EMPTY_BODY = YES;
				CLANG_WARN_ENUM_CONVERSION = YES;
				CLANG_WARN_INFINITE_RECURSION = YES;
				CLANG_WARN_INT_CONVERSION = YES;
				CLANG_WARN_NON_LITERAL_NULL_CONVERSION = YES;
				CLANG_WARN_OBJC_IMPLICIT_RETAIN_SELF = YES;
				CLANG_WARN_OBJC_LITERAL_CONVERSION = YES;
				CLANG_WARN_OBJC_ROOT_CLASS = YES_ERROR;
				CLANG_WARN_QUOTED_INCLUDE_IN_FRAMEWORK_HEADER = YES;
				CLANG_WARN_RANGE_LOOP_ANALYSIS = YES;
				CLANG_WARN_STRICT_PROTOTYPES = YES;
				CLANG_WARN_SUSPICIOUS_MOVE = YES;
				CLANG_WARN_UNGUARDED_AVAILABILITY = YES_AGGRESSIVE;
				CLANG_WARN_UNREACHABLE_CODE = YES;
				CLANG_WARN__DUPLICATE_METHOD_MATCH = YES;
				COPY_PHASE_STRIP = NO;
				DEBUG_INFORMATION_FORMAT = "dwarf-with-dsym";
				ENABLE_NS_ASSERTIONS = NO;
				ENABLE_STRICT_OBJC_MSGSEND = YES;
				GCC_C_LANGUAGE_STANDARD = gnu11;
				GCC_NO_COMMON_BLOCKS = YES;
				GCC_WARN_64_TO_32_BIT_CONVERSION = YES;
				GCC_WARN_ABOUT_RETURN_TYPE = YES_ERROR;
				GCC_WARN_UNDECLARED_SELECTOR = YES;
				GCC_WARN_UNINITIALIZED_AUTOS = YES_AGGRESSIVE;
				GCC_WARN_UNUSED_FUNCTION = YES;
				GCC_WARN_UNUSED_VARIABLE = YES;
				IPHONEOS_DEPLOYMENT_TARGET = 13.7;
				MTL_ENABLE_DEBUG_INFO = NO;
				MTL_FAST_MATH = YES;
				SDKROOT = iphoneos;
				SWIFT_COMPILATION_MODE = wholemodule;
				SWIFT_OPTIMIZATION_LEVEL = "-O";
				VALIDATE_PRODUCT = YES;
			};
			name = Release;
		};
		E0782114250CD70700AE4B89 /* Debug */ = {
			isa = XCBuildConfiguration;
			buildSettings = {
				ASSETCATALOG_COMPILER_APPICON_NAME = AppIcon;
				CODE_SIGN_STYLE = Automatic;
				DEVELOPMENT_TEAM = VWW7MQ2767;
				INFOPLIST_FILE = "Interface Application/Info.plist";
				LD_RUNPATH_SEARCH_PATHS = (
					"$(inherited)",
					"@executable_path/Frameworks",
				);
				PRODUCT_BUNDLE_IDENTIFIER = "com.hutr0.Interface-Application";
				PRODUCT_NAME = "$(TARGET_NAME)";
				SWIFT_VERSION = 5.0;
				TARGETED_DEVICE_FAMILY = "1,2";
			};
			name = Debug;
		};
		E0782115250CD70700AE4B89 /* Release */ = {
			isa = XCBuildConfiguration;
			buildSettings = {
				ASSETCATALOG_COMPILER_APPICON_NAME = AppIcon;
				CODE_SIGN_STYLE = Automatic;
				DEVELOPMENT_TEAM = VWW7MQ2767;
				INFOPLIST_FILE = "Interface Application/Info.plist";
				LD_RUNPATH_SEARCH_PATHS = (
					"$(inherited)",
					"@executable_path/Frameworks",
				);
				PRODUCT_BUNDLE_IDENTIFIER = "com.hutr0.Interface-Application";
				PRODUCT_NAME = "$(TARGET_NAME)";
				SWIFT_VERSION = 5.0;
				TARGETED_DEVICE_FAMILY = "1,2";
			};
			name = Release;
		};
/* End XCBuildConfiguration section */

/* Begin XCConfigurationList section */
		E07820FA250CD70400AE4B89 /* Build configuration list for PBXProject "Interface Application" */ = {
			isa = XCConfigurationList;
			buildConfigurations = (
				E0782111250CD70700AE4B89 /* Debug */,
				E0782112250CD70700AE4B89 /* Release */,
			);
			defaultConfigurationIsVisible = 0;
			defaultConfigurationName = Release;
		};
		E0782113250CD70700AE4B89 /* Build configuration list for PBXNativeTarget "Interface Application" */ = {
			isa = XCConfigurationList;
			buildConfigurations = (
				E0782114250CD70700AE4B89 /* Debug */,
				E0782115250CD70700AE4B89 /* Release */,
			);
			defaultConfigurationIsVisible = 0;
			defaultConfigurationName = Release;
		};
/* End XCConfigurationList section */
	};
	rootObject = E07820F7250CD70400AE4B89 /* Project object */;
}
